{
  "name": "spicy-lint",
  "version": "0.0.1",
  "lockfileVersion": 3,
  "requires": true,
  "packages": {
    "": {
      "name": "spicy-lint",
      "version": "0.0.1",
      "hasInstallScript": true,
      "license": "MIT",
      "dependencies": {
        "@ast-grep/cli": "^0.24.0",
        "tree-sitter-cli": "^0.22.6"
      }
    },
    "node_modules/@ast-grep/cli": {
      "version": "0.24.0",
      "resolved": "https://registry.npmjs.org/@ast-grep/cli/-/cli-0.24.0.tgz",
      "integrity": "sha512-sK1/Ozd2HWPOqft+nZGNamO6hCBpdHbmZtiatdsO1Yhz3VRt7m9LSiKNZ7dUfFw9PXn0LRqyZk9SoHq222KcHw==",
      "hasInstallScript": true,
      "dependencies": {
        "detect-libc": "2.0.3"
      },
      "bin": {
        "ast-grep": "ast-grep",
        "sg": "sg"
      },
      "engines": {
        "node": ">= 12.0.0"
      },
      "optionalDependencies": {
        "@ast-grep/cli-darwin-arm64": "0.24.0",
        "@ast-grep/cli-darwin-x64": "0.24.0",
        "@ast-grep/cli-linux-arm64-gnu": "0.24.0",
        "@ast-grep/cli-linux-x64-gnu": "0.24.0",
        "@ast-grep/cli-win32-arm64-msvc": "0.24.0",
        "@ast-grep/cli-win32-ia32-msvc": "0.24.0",
        "@ast-grep/cli-win32-x64-msvc": "0.24.0"
      }
    },
    "node_modules/@ast-grep/cli-darwin-arm64": {
      "version": "0.24.0",
      "resolved": "https://registry.npmjs.org/@ast-grep/cli-darwin-arm64/-/cli-darwin-arm64-0.24.0.tgz",
      "integrity": "sha512-8YkcaYNzy970snexNS2+8O+Uk8wrmgUELFdoVcJMIdzeTppbzKbAypJkTrOxosCIOoO6Bq0vp8hvmZj04wXhlQ==",
      "cpu": [
        "arm64"
      ],
      "optional": true,
      "os": [
        "darwin"
      ],
      "engines": {
        "node": ">= 10"
      }
    },
    "node_modules/@ast-grep/cli-darwin-x64": {
      "version": "0.24.0",
      "resolved": "https://registry.npmjs.org/@ast-grep/cli-darwin-x64/-/cli-darwin-x64-0.24.0.tgz",
      "integrity": "sha512-U7S2uZQmT4B79cVfvwd785yFj7ZF02hjhBhAuVQq81LPI8mE8NH/phmjoSoL1u1Olf3BxqUcBLFdM4zoLvryiw==",
      "cpu": [
        "x64"
      ],
      "optional": true,
      "os": [
        "darwin"
      ],
      "engines": {
        "node": ">= 10"
      }
    },
    "node_modules/@ast-grep/cli-linux-arm64-gnu": {
      "version": "0.24.0",
      "resolved": "https://registry.npmjs.org/@ast-grep/cli-linux-arm64-gnu/-/cli-linux-arm64-gnu-0.24.0.tgz",
      "integrity": "sha512-NVn83DrcbBhrKwO3yNDdEPv05lr3TDq0pfDg8eEBfJQnZnvXliEYxJwyyzZ53867rLeqaPo4jvPHcIJKdKe0rw==",
      "cpu": [
        "arm64"
      ],
      "optional": true,
      "os": [
        "linux"
      ],
      "engines": {
        "node": ">= 10"
      }
    },
    "node_modules/@ast-grep/cli-linux-x64-gnu": {
      "version": "0.24.0",
      "resolved": "https://registry.npmjs.org/@ast-grep/cli-linux-x64-gnu/-/cli-linux-x64-gnu-0.24.0.tgz",
      "integrity": "sha512-OMVq58p2BsMVBoh/cdSDmmUiIA+78FAyZXYWZ8mS1BudU6Ba+15ZVqeId90Q4U9X+yEqIHyaz+X1CcLiygnQxg==",
      "cpu": [
        "x64"
      ],
      "optional": true,
      "os": [
        "linux"
      ],
      "engines": {
        "node": ">= 10"
      }
    },
    "node_modules/@ast-grep/cli-win32-arm64-msvc": {
      "version": "0.24.0",
      "resolved": "https://registry.npmjs.org/@ast-grep/cli-win32-arm64-msvc/-/cli-win32-arm64-msvc-0.24.0.tgz",
      "integrity": "sha512-02CE3PfvwEsKvTITBP+J3Dm87MCeZl+t0Q4vBhQhcMBQt7N7D9DPY5tm0mVcgioY0Fm1yGn2z7IG56Dd6Pmnmw==",
      "cpu": [
        "arm64"
      ],
      "optional": true,
      "os": [
        "win32"
      ],
      "engines": {
        "node": ">= 10"
      }
    },
    "node_modules/@ast-grep/cli-win32-ia32-msvc": {
      "version": "0.24.0",
      "resolved": "https://registry.npmjs.org/@ast-grep/cli-win32-ia32-msvc/-/cli-win32-ia32-msvc-0.24.0.tgz",
      "integrity": "sha512-JB0dFaPTf8JSuKsID4vV/FYGx9kDTxwvzSeNYXebmoEgiS7catiRWBmB4LSuJMvdd5RCSQskDRu733Qsyd4CoA==",
      "cpu": [
        "ia32"
      ],
      "optional": true,
      "os": [
        "win32"
      ],
      "engines": {
        "node": ">= 10"
      }
    },
    "node_modules/@ast-grep/cli-win32-x64-msvc": {
      "version": "0.24.0",
      "resolved": "https://registry.npmjs.org/@ast-grep/cli-win32-x64-msvc/-/cli-win32-x64-msvc-0.24.0.tgz",
      "integrity": "sha512-73LDMKe/O+wg1dAVww104UsAHo7u4GBcC+qzHODqGGP1j3QtESyDYRrZfiJAHhkTRSjitVZrxJ7SZzRmbaJn4g==",
      "cpu": [
        "x64"
      ],
      "optional": true,
      "os": [
        "win32"
      ],
      "engines": {
        "node": ">= 10"
      }
    },
    "node_modules/detect-libc": {
      "version": "2.0.3",
      "resolved": "https://registry.npmjs.org/detect-libc/-/detect-libc-2.0.3.tgz",
      "integrity": "sha512-bwy0MGW55bG41VqxxypOsdSdGqLwXPI/focwgTYCFMbdUiBAxLg9CFzG08sz2aqzknwiX7Hkl0bQENjg8iLByw==",
      "engines": {
        "node": ">=8"
      }
    },
    "node_modules/tree-sitter-cli": {
      "version": "0.22.6",
      "resolved": "https://registry.npmjs.org/tree-sitter-cli/-/tree-sitter-cli-0.22.6.tgz",
      "integrity": "sha512-s7mYOJXi8sIFkt/nLJSqlYZP96VmKTc3BAwIX0rrrlRxWjWuCwixFqwzxWZBQz4R8Hx01iP7z3cT3ih58BUmZQ==",
      "hasInstallScript": true,
      "bin": {
        "tree-sitter": "cli.js"
      }
    }
  }
}
