{
  "name": "spicy-lint",
  "version": "0.0.1",
  "lockfileVersion": 3,
  "requires": true,
  "packages": {
    "": {
      "name": "spicy-lint",
      "version": "0.0.1",
      "hasInstallScript": true,
      "license": "MIT",
      "dependencies": {
        "@ast-grep/cli": "^0.22.5",
        "tree-sitter-cli": "^0.22.6"
      }
    },
    "node_modules/@ast-grep/cli": {
      "version": "0.22.6",
      "resolved": "https://registry.npmjs.org/@ast-grep/cli/-/cli-0.22.6.tgz",
      "integrity": "sha512-/pyHmN6NfXBsNrYyCvCILPAV1PYfK3Uhnk8nHrhDIHJVoFw3XeoZPY3ZHKjQPwelkaOdxttLUJ1Ea+4ga86jOQ==",
      "hasInstallScript": true,
      "dependencies": {
        "detect-libc": "2.0.3"
      },
      "bin": {
        "ast-grep": "ast-grep",
        "sg": "sg"
      },
      "engines": {
        "node": ">= 12.0.0"
      },
      "optionalDependencies": {
        "@ast-grep/cli-darwin-arm64": "0.22.6",
        "@ast-grep/cli-darwin-x64": "0.22.6",
        "@ast-grep/cli-linux-arm64-gnu": "0.22.6",
        "@ast-grep/cli-linux-x64-gnu": "0.22.6",
        "@ast-grep/cli-win32-arm64-msvc": "0.22.6",
        "@ast-grep/cli-win32-ia32-msvc": "0.22.6",
        "@ast-grep/cli-win32-x64-msvc": "0.22.6"
      }
    },
    "node_modules/@ast-grep/cli-darwin-arm64": {
      "version": "0.22.6",
      "resolved": "https://registry.npmjs.org/@ast-grep/cli-darwin-arm64/-/cli-darwin-arm64-0.22.6.tgz",
      "integrity": "sha512-vZLgm5qK6z1BMrsxHmq0WU21+dHeBiV41N3CrmDzGjlMRxLB9JP5870wy86eu96q3J2sEvrk9KYSG2vUcsaCjA==",
      "cpu": [
        "arm64"
      ],
      "optional": true,
      "os": [
        "darwin"
      ],
      "engines": {
        "node": ">= 10"
      }
    },
    "node_modules/@ast-grep/cli-darwin-x64": {
      "version": "0.22.6",
      "resolved": "https://registry.npmjs.org/@ast-grep/cli-darwin-x64/-/cli-darwin-x64-0.22.6.tgz",
      "integrity": "sha512-mFBRHOryBLlVBBTtUQj5ip90rhqVvyexD4dMxr9k10Wvh9vDDqZPDnSCcArFwQ8XBt4gjGl75imtkQJ+cSAIHg==",
      "cpu": [
        "x64"
      ],
      "optional": true,
      "os": [
        "darwin"
      ],
      "engines": {
        "node": ">= 10"
      }
    },
    "node_modules/@ast-grep/cli-linux-arm64-gnu": {
      "version": "0.22.6",
      "resolved": "https://registry.npmjs.org/@ast-grep/cli-linux-arm64-gnu/-/cli-linux-arm64-gnu-0.22.6.tgz",
      "integrity": "sha512-XwH6ZuxsJj1XoRydsxt813cMXN0EYIf+4cyg+RuKkk9tMx5mWkD0C9APEyKxn7clfaM3m5CGaPht/SViG6jOBg==",
      "cpu": [
        "arm64"
      ],
      "optional": true,
      "os": [
        "linux"
      ],
      "engines": {
        "node": ">= 10"
      }
    },
    "node_modules/@ast-grep/cli-linux-x64-gnu": {
      "version": "0.22.6",
      "resolved": "https://registry.npmjs.org/@ast-grep/cli-linux-x64-gnu/-/cli-linux-x64-gnu-0.22.6.tgz",
      "integrity": "sha512-ACaM7os812gVb4nSyLEJibPNh15fPwopiOq/DNP1nY62b0tw3j6DxlJNfWE4am6ABeqGdbaX36hXK8vijl7GXg==",
      "cpu": [
        "x64"
      ],
      "optional": true,
      "os": [
        "linux"
      ],
      "engines": {
        "node": ">= 10"
      }
    },
    "node_modules/@ast-grep/cli-win32-arm64-msvc": {
      "version": "0.22.6",
      "resolved": "https://registry.npmjs.org/@ast-grep/cli-win32-arm64-msvc/-/cli-win32-arm64-msvc-0.22.6.tgz",
      "integrity": "sha512-1givyrrxqjPOQlmXPPvDoS7T3Gd5jt1/kKlLpFe1FJRQuciEfOy3kpKn0EdOnTUoDi6ipIkQ1HfJMzqQXWfW2g==",
      "cpu": [
        "arm64"
      ],
      "optional": true,
      "os": [
        "win32"
      ],
      "engines": {
        "node": ">= 10"
      }
    },
    "node_modules/@ast-grep/cli-win32-ia32-msvc": {
      "version": "0.22.6",
      "resolved": "https://registry.npmjs.org/@ast-grep/cli-win32-ia32-msvc/-/cli-win32-ia32-msvc-0.22.6.tgz",
      "integrity": "sha512-uZxRhJ/Dqmagd8WozDlGAerWRsvaons8ShtVzFp4XMJAXpkykogylmqJXUfombBHh9kStv81zo/PUOyg4gDLsA==",
      "cpu": [
        "ia32"
      ],
      "optional": true,
      "os": [
        "win32"
      ],
      "engines": {
        "node": ">= 10"
      }
    },
    "node_modules/@ast-grep/cli-win32-x64-msvc": {
      "version": "0.22.6",
      "resolved": "https://registry.npmjs.org/@ast-grep/cli-win32-x64-msvc/-/cli-win32-x64-msvc-0.22.6.tgz",
      "integrity": "sha512-H8qZkBfVPq6/el14hSX7nKjK9EP++7f+BDSZkGPAdTFfTDYLf2ZrdvdK4SHOH/zAte6F5yYtXVbd2OvWtnBPLg==",
      "cpu": [
        "x64"
      ],
      "optional": true,
      "os": [
        "win32"
      ],
      "engines": {
        "node": ">= 10"
      }
    },
    "node_modules/detect-libc": {
      "version": "2.0.3",
      "resolved": "https://registry.npmjs.org/detect-libc/-/detect-libc-2.0.3.tgz",
      "integrity": "sha512-bwy0MGW55bG41VqxxypOsdSdGqLwXPI/focwgTYCFMbdUiBAxLg9CFzG08sz2aqzknwiX7Hkl0bQENjg8iLByw==",
      "engines": {
        "node": ">=8"
      }
    },
    "node_modules/tree-sitter-cli": {
      "version": "0.22.6",
      "resolved": "https://registry.npmjs.org/tree-sitter-cli/-/tree-sitter-cli-0.22.6.tgz",
      "integrity": "sha512-s7mYOJXi8sIFkt/nLJSqlYZP96VmKTc3BAwIX0rrrlRxWjWuCwixFqwzxWZBQz4R8Hx01iP7z3cT3ih58BUmZQ==",
      "hasInstallScript": true,
      "bin": {
        "tree-sitter": "cli.js"
      }
    }
  }
}
