{
  "name": "spicy-lint",
  "version": "0.0.1",
  "lockfileVersion": 3,
  "requires": true,
  "packages": {
    "": {
      "name": "spicy-lint",
      "version": "0.0.1",
      "license": "MIT",
      "dependencies": {
        "@ast-grep/cli": "^0.40.5",
        "tree-sitter-spicy": "github:bbannier/tree-sitter-spicy"
      }
    },
    "node_modules/@ast-grep/cli": {
      "version": "0.40.5",
      "resolved": "https://registry.npmjs.org/@ast-grep/cli/-/cli-0.40.5.tgz",
      "integrity": "sha512-yVXL7Gz0WIHerQLf+MVaVSkhIhidtWReG5akNVr/JS9OVCVkSdz7gWm7H8jVv2M9OO1tauuG76K3UaRGBPu5lQ==",
      "hasInstallScript": true,
      "dependencies": {
        "detect-libc": "2.1.2"
      },
      "bin": {
        "ast-grep": "ast-grep",
        "sg": "sg"
      },
      "engines": {
        "node": ">= 12.0.0"
      },
      "optionalDependencies": {
        "@ast-grep/cli-darwin-arm64": "0.40.5",
        "@ast-grep/cli-darwin-x64": "0.40.5",
        "@ast-grep/cli-linux-arm64-gnu": "0.40.5",
        "@ast-grep/cli-linux-x64-gnu": "0.40.5",
        "@ast-grep/cli-win32-arm64-msvc": "0.40.5",
        "@ast-grep/cli-win32-ia32-msvc": "0.40.5",
        "@ast-grep/cli-win32-x64-msvc": "0.40.5"
      }
    },
    "node_modules/@ast-grep/cli-darwin-arm64": {
      "version": "0.40.5",
      "resolved": "https://registry.npmjs.org/@ast-grep/cli-darwin-arm64/-/cli-darwin-arm64-0.40.5.tgz",
      "integrity": "sha512-T9CzwJ1GqQhnANdsu6c7iT1akpvTVMK+AZrxnhIPv33Ze5hrXUUkqan+j4wUAukRJDqU7u94EhXLSLD+5tcJ8g==",
      "cpu": [
        "arm64"
      ],
      "license": "MIT",
      "optional": true,
      "os": [
        "darwin"
      ],
      "engines": {
        "node": ">= 10"
      }
    },
    "node_modules/@ast-grep/cli-darwin-x64": {
      "version": "0.40.5",
      "resolved": "https://registry.npmjs.org/@ast-grep/cli-darwin-x64/-/cli-darwin-x64-0.40.5.tgz",
      "integrity": "sha512-ez9b2zKvXU8f4ghhjlqYvbx6tWCKJTuVlNVqDDfjqwwhGeiTYfnzMlSVat4ElYRMd21gLtXZIMy055v2f21Ztg==",
      "cpu": [
        "x64"
      ],
      "license": "MIT",
      "optional": true,
      "os": [
        "darwin"
      ],
      "engines": {
        "node": ">= 10"
      }
    },
    "node_modules/@ast-grep/cli-linux-arm64-gnu": {
      "version": "0.40.5",
      "resolved": "https://registry.npmjs.org/@ast-grep/cli-linux-arm64-gnu/-/cli-linux-arm64-gnu-0.40.5.tgz",
      "integrity": "sha512-VXa2L1IEYD66AMb0GuG7VlMMbPmEGoJUySWDcwSZo/D9neiry3MJ41LQR5oTG2HyhIPBsf9umrXnmuRq66BviA==",
      "cpu": [
        "arm64"
      ],
      "license": "MIT",
      "optional": true,
      "os": [
        "linux"
      ],
      "engines": {
        "node": ">= 10"
      }
    },
    "node_modules/@ast-grep/cli-linux-x64-gnu": {
      "version": "0.40.5",
      "resolved": "https://registry.npmjs.org/@ast-grep/cli-linux-x64-gnu/-/cli-linux-x64-gnu-0.40.5.tgz",
      "integrity": "sha512-GQC5162eIOWXR2eQQ6Knzg7/8Trp5E1ODJkaErf0IubdQrZBGqj5AAcQPcWgPbbnmktjIp0H4NraPpOJ9eJ22A==",
      "cpu": [
        "x64"
      ],
      "license": "MIT",
      "optional": true,
      "os": [
        "linux"
      ],
      "engines": {
        "node": ">= 10"
      }
    },
    "node_modules/@ast-grep/cli-win32-arm64-msvc": {
      "version": "0.40.5",
      "resolved": "https://registry.npmjs.org/@ast-grep/cli-win32-arm64-msvc/-/cli-win32-arm64-msvc-0.40.5.tgz",
      "integrity": "sha512-YiZdnQZsSlXQTMsZJop/Ux9MmUGfuRvC2x/UbFgrt5OBSYxND+yoiMc0WcA3WG+wU+tt4ZkB5HUea3r/IkOLYA==",
      "cpu": [
        "arm64"
      ],
      "license": "MIT",
      "optional": true,
      "os": [
        "win32"
      ],
      "engines": {
        "node": ">= 10"
      }
    },
    "node_modules/@ast-grep/cli-win32-ia32-msvc": {
      "version": "0.40.5",
      "resolved": "https://registry.npmjs.org/@ast-grep/cli-win32-ia32-msvc/-/cli-win32-ia32-msvc-0.40.5.tgz",
      "integrity": "sha512-MHkCxCITVTr8sY9CcVqNKbfUzMa3Hc6IilGXad0Clnw2vNmPfWqSky+hU/UTerr5YHWwWfAVURH7ANZgirtx0Q==",
      "cpu": [
        "ia32"
      ],
      "license": "MIT",
      "optional": true,
      "os": [
        "win32"
      ],
      "engines": {
        "node": ">= 10"
      }
    },
    "node_modules/@ast-grep/cli-win32-x64-msvc": {
      "version": "0.40.5",
      "resolved": "https://registry.npmjs.org/@ast-grep/cli-win32-x64-msvc/-/cli-win32-x64-msvc-0.40.5.tgz",
      "integrity": "sha512-/MJ5un7yxlClaaxou9eYl+Kr2xr/yTtYtTq5aLBWjPWA6dmmJ1nAJgx5zKHVuplFXFBrFDQk3paEgAETMTGcrA==",
      "cpu": [
        "x64"
      ],
      "license": "MIT",
      "optional": true,
      "os": [
        "win32"
      ],
      "engines": {
        "node": ">= 10"
      }
    },
    "node_modules/detect-libc": {
      "version": "2.1.2",
      "resolved": "https://registry.npmjs.org/detect-libc/-/detect-libc-2.1.2.tgz",
      "integrity": "sha512-Btj2BOOO83o3WyH59e8MgXsxEQVcarkUOpEYrubB0urwnN10yQ364rsiByU11nZlqWYZm05i/of7io4mzihBtQ==",
      "license": "Apache-2.0",
      "engines": {
        "node": ">=8"
      }
    },
    "node_modules/node-addon-api": {
      "version": "8.5.0",
      "resolved": "https://registry.npmjs.org/node-addon-api/-/node-addon-api-8.5.0.tgz",
      "integrity": "sha512-/bRZty2mXUIFY/xU5HLvveNHlswNJej+RnxBjOMkidWfwZzgTbPG1E3K5TOxRLOR+5hX7bSofy8yf1hZevMS8A==",
      "license": "MIT",
      "peer": true,
      "engines": {
        "node": "^18 || ^20 || >= 21"
      }
    },
    "node_modules/node-gyp-build": {
      "version": "4.8.4",
      "resolved": "https://registry.npmjs.org/node-gyp-build/-/node-gyp-build-4.8.4.tgz",
      "integrity": "sha512-LA4ZjwlnUblHVgq0oBF3Jl/6h/Nvs5fzBLwdEF4nuxnFdsfajde4WfxtJr3CaiH+F6ewcIB/q4jQ4UzPyid+CQ==",
      "license": "MIT",
      "peer": true,
      "bin": {
        "node-gyp-build": "bin.js",
        "node-gyp-build-optional": "optional.js",
        "node-gyp-build-test": "build-test.js"
      }
    },
    "node_modules/tree-sitter": {
      "version": "0.21.1",
      "resolved": "https://registry.npmjs.org/tree-sitter/-/tree-sitter-0.21.1.tgz",
      "integrity": "sha512-7dxoA6kYvtgWw80265MyqJlkRl4yawIjO7S5MigytjELkX43fV2WsAXzsNfO7sBpPPCF5Gp0+XzHk0DwLCq3xQ==",
      "hasInstallScript": true,
      "license": "MIT",
      "peer": true,
      "dependencies": {
        "node-addon-api": "^8.0.0",
        "node-gyp-build": "^4.8.0"
      }
    },
    "node_modules/tree-sitter-spicy": {
      "version": "0.0.1",
      "resolved": "git+ssh://git@github.com/bbannier/tree-sitter-spicy.git#85150dfaf0eb247d912f3beaa2b0fa1cca063dab",
      "integrity": "sha512-thPIv6juQh6FdDtUIAjFLi/6lOkZLJjcdKysdAQEKQOsFdH2LJlim+Ka5pu+ikzZwLW0PIYH03tdAeXwv8Za5g==",
      "hasInstallScript": true,
      "license": "MIT",
      "peerDependencies": {
        "tree-sitter": "^0.21.1"
      },
      "peerDependenciesMeta": {
        "tree_sitter": {
          "optional": true
        }
      }
    }
  }
}
